
Microsoft Visual Studio Solution File, Format Version 12.00
# Visual Studio Version 17
VisualStudioVersion = 17.10.35013.160
MinimumVisualStudioVersion = 10.0.40219.1
Project("{FAE04EC0-301F-11D3-BF4B-00C04F79EFBC}") = "TrabalhoPratico", "TrabalhoPratico\TrabalhoPratico.csproj", "{B3E162F6-725A-4905-AACD-0DBE9D89DCE1}"
EndProject
Global
	GlobalSection(SolutionConfigurationPlatforms) = preSolution
		Debug|Any CPU = Debug|Any CPU
		Release|Any CPU = Release|Any CPU
	EndGlobalSection
	GlobalSection(ProjectConfigurationPlatforms) = postSolution
		{B3E162F6-725A-4905-AACD-0DBE9D89DCE1}.Debug|Any CPU.ActiveCfg = Debug|Any CPU
		{B3E162F6-725A-4905-AACD-0DBE9D89DCE1}.Debug|Any CPU.Build.0 = Debug|Any CPU
		{B3E162F6-725A-4905-AACD-0DBE9D89DCE1}.Release|Any CPU.ActiveCfg = Release|Any CPU
		{B3E162F6-725A-4905-AACD-0DBE9D89DCE1}.Release|Any CPU.Build.0 = Release|Any CPU
	EndGlobalSection
	GlobalSection(SolutionProperties) = preSolution
		HideSolutionNode = FALSE
	EndGlobalSection
	GlobalSection(ExtensibilityGlobals) = postSolution
		SolutionGuid = {530F6D0B-ED23-40D5-A3A8-6F26AEDD0D62}
	EndGlobalSection
EndGlobal
